
Microsoft Visual Studio Solution File, Format Version 12.00
# Visual Studio Version 17
VisualStudioVersion = 17.11.35327.3
MinimumVisualStudioVersion = 10.0.40219.1
Project("{FAE04EC0-301F-11D3-BF4B-00C04F79EFBC}") = "ViscoveryDemo", "ViscoveryDemo.csproj", "{5B0A9AEE-1D31-4EF5-B132-5EA2D6FFE49B}"
EndProject
Global
	GlobalSection(SolutionConfigurationPlatforms) = preSolution
		Debug|Any CPU = Debug|Any CPU
		Release|Any CPU = Release|Any CPU
	EndGlobalSection
	GlobalSection(ProjectConfigurationPlatforms) = postSolution
		{5B0A9AEE-1D31-4EF5-B132-5EA2D6FFE49B}.Debug|Any CPU.ActiveCfg = Debug|Any CPU
		{5B0A9AEE-1D31-4EF5-B132-5EA2D6FFE49B}.Debug|Any CPU.Build.0 = Debug|Any CPU
		{5B0A9AEE-1D31-4EF5-B132-5EA2D6FFE49B}.Release|Any CPU.ActiveCfg = Release|Any CPU
		{5B0A9AEE-1D31-4EF5-B132-5EA2D6FFE49B}.Release|Any CPU.Build.0 = Release|Any CPU
	EndGlobalSection
	GlobalSection(SolutionProperties) = preSolution
		HideSolutionNode = FALSE
	EndGlobalSection
	GlobalSection(ExtensibilityGlobals) = postSolution
		SolutionGuid = {D9B7D3AB-F7AF-4877-97ED-CEE0B8422674}
	EndGlobalSection
EndGlobal
